
Microsoft Visual Studio Solution File, Format Version 12.00
# Visual Studio Version 17
VisualStudioVersion = 17.0.32112.339
MinimumVisualStudioVersion = 10.0.40219.1
Project("{9A19103F-16F7-4668-BE54-9A1E7A4F7556}") = "ISI.Extensions", "ISI.Extensions\ISI.Extensions.csproj", "{09CEA440-36DE-4036-8C18-BE4E476C1477}"
EndProject
Project("{9A19103F-16F7-4668-BE54-9A1E7A4F7556}") = "ISI.Extensions.AspNetCore", "ISI.Extensions.AspNetCore\ISI.Extensions.AspNetCore.csproj", "{22AD4CA5-F540-44AB-A890-7E424CAE5E26}"
EndProject
Project("{9A19103F-16F7-4668-BE54-9A1E7A4F7556}") = "ISI.Extensions.Aspose", "ISI.Extensions.Aspose\ISI.Extensions.Aspose.csproj", "{C16F1EB0-3F4B-4DDA-86CA-1B921F802F30}"
EndProject
Project("{9A19103F-16F7-4668-BE54-9A1E7A4F7556}") = "ISI.Extensions.Aspose.Cells", "ISI.Extensions.Aspose.Cells\ISI.Extensions.Aspose.Cells.csproj", "{E35A6320-9071-4C16-A9AD-2E6D3E16AF22}"
EndProject
Project("{9A19103F-16F7-4668-BE54-9A1E7A4F7556}") = "ISI.Extensions.Aspose.Words", "ISI.Extensions.Aspose.Words\ISI.Extensions.Aspose.Words.csproj", "{C9E57686-6761-4A9E-8647-F7BEE1C2E8A4}"
EndProject
Project("{9A19103F-16F7-4668-BE54-9A1E7A4F7556}") = "ISI.Extensions.Caching.MessageBus", "ISI.Extensions.Caching.MessageBus\ISI.Extensions.Caching.MessageBus.csproj", "{22D5F9C0-5D4B-40CA-8553-4715EE33EFB3}"
EndProject
Project("{9A19103F-16F7-4668-BE54-9A1E7A4F7556}") = "ISI.Extensions.Caching.Redis", "ISI.Extensions.Caching.Redis\ISI.Extensions.Caching.Redis.csproj", "{B92BF6CC-75D9-40BB-A577-19155877C02D}"
EndProject
Project("{9A19103F-16F7-4668-BE54-9A1E7A4F7556}") = "ISI.Extensions.DependencyInjection.Iunq", "ISI.Extensions.DependencyInjection.Iunq\ISI.Extensions.DependencyInjection.Iunq.csproj", "{FF583614-56D3-47B4-9EB2-6E7A9C846A6F}"
EndProject
Project("{9A19103F-16F7-4668-BE54-9A1E7A4F7556}") = "ISI.Extensions.JsonSerialization.Newtonsoft", "ISI.Extensions.JsonSerialization.Newtonsoft\ISI.Extensions.JsonSerialization.Newtonsoft.csproj", "{15C487CF-813D-4855-BF94-39D39B90551D}"
EndProject
Project("{9A19103F-16F7-4668-BE54-9A1E7A4F7556}") = "ISI.Extensions.Locks.Redis", "ISI.Extensions.Locks.Redis\ISI.Extensions.Locks.Redis.csproj", "{CF46768C-E3CB-4AF9-A682-880260D83154}"
EndProject
Project("{9A19103F-16F7-4668-BE54-9A1E7A4F7556}") = "ISI.Extensions.MessageBus.AzureServiceBus", "ISI.Extensions.MessageBus.AzureServiceBus\ISI.Extensions.MessageBus.AzureServiceBus.csproj", "{33403003-544C-4282-A8C1-E314060E6FB8}"
EndProject
Project("{9A19103F-16F7-4668-BE54-9A1E7A4F7556}") = "ISI.Extensions.MessageBus.MassTransit", "ISI.Extensions.MessageBus.MassTransit\ISI.Extensions.MessageBus.MassTransit.csproj", "{B73C042B-35A5-4B32-B2AF-DC9918CDD5D9}"
EndProject
Project("{9A19103F-16F7-4668-BE54-9A1E7A4F7556}") = "ISI.Extensions.MessageBus.MassTransit.RabbitMQ", "ISI.Extensions.MessageBus.MassTransit.RabbitMQ\ISI.Extensions.MessageBus.MassTransit.RabbitMQ.csproj", "{8BFE6FCB-C0A8-4595-8A2F-1316FF38F4E0}"
EndProject
Project("{9A19103F-16F7-4668-BE54-9A1E7A4F7556}") = "ISI.Extensions.MessageBus.Redis", "ISI.Extensions.MessageBus.Redis\ISI.Extensions.MessageBus.Redis.csproj", "{130592A1-9AB5-4DBB-9FC8-1D66CAF105B8}"
EndProject
Project("{9A19103F-16F7-4668-BE54-9A1E7A4F7556}") = "ISI.Extensions.Ngrok", "ISI.Extensions.Ngrok\ISI.Extensions.Ngrok.csproj", "{3C9263B7-4197-490E-98B8-862DA8276B27}"
EndProject
Project("{9A19103F-16F7-4668-BE54-9A1E7A4F7556}") = "ISI.Extensions.Repository.Cosmos", "ISI.Extensions.Repository.Cosmos\ISI.Extensions.Repository.Cosmos.csproj", "{1DBC5FE7-F958-4FB5-B226-9EB25FA31E09}"
EndProject
Project("{9A19103F-16F7-4668-BE54-9A1E7A4F7556}") = "ISI.Extensions.Repository.SqlServer", "ISI.Extensions.Repository.SqlServer\ISI.Extensions.Repository.SqlServer.csproj", "{0902482A-3E9A-4A80-A923-575BC11E4CE4}"
EndProject
Project("{9A19103F-16F7-4668-BE54-9A1E7A4F7556}") = "ISI.Extensions.Telephony.MessageBus", "ISI.Extensions.Telephony.MessageBus\ISI.Extensions.Telephony.MessageBus.csproj", "{FC127E15-B0B0-493C-BF46-C7810B1E3648}"
EndProject
Project("{9A19103F-16F7-4668-BE54-9A1E7A4F7556}") = "ISI.Extensions.Tests", "ISI.Extensions.Tests\ISI.Extensions.Tests.csproj", "{12E7BEE4-1CF8-4D37-9C60-16F5B5D4D1DD}"
EndProject
Project("{2150E333-8FDC-42A3-9474-1A3956D46DE8}") = ".build", ".build", "{5E2AEF11-B578-4316-8285-E91B89B83014}"
	ProjectSection(SolutionItems) = preProject
		build.cake = build.cake
	EndProjectSection
EndProject
Project("{9A19103F-16F7-4668-BE54-9A1E7A4F7556}") = "ISI.Extensions.Cake", "ISI.Extensions.Cake\ISI.Extensions.Cake.csproj", "{FB861B75-7B2D-4D3F-93FC-87E2667A516C}"
EndProject
Project("{9A19103F-16F7-4668-BE54-9A1E7A4F7556}") = "ISI.Extensions.Nuget", "ISI.Extensions.Nuget\ISI.Extensions.Nuget.csproj", "{CAEF609E-9D95-4CA3-9044-EAB1EC41BC69}"
EndProject
Project("{9A19103F-16F7-4668-BE54-9A1E7A4F7556}") = "ISI.Extensions.Svn", "ISI.Extensions.Svn\ISI.Extensions.Svn.csproj", "{71545B03-6B5C-4A70-AF52-A372075A3D05}"
EndProject
Project("{9A19103F-16F7-4668-BE54-9A1E7A4F7556}") = "ISI.Extensions.Scm", "ISI.Extensions.Scm\ISI.Extensions.Scm.csproj", "{0876C2A7-4873-4C4D-88D2-4142BDE31C03}"
EndProject
Project("{9A19103F-16F7-4668-BE54-9A1E7A4F7556}") = "ISI.Extensions.Git", "ISI.Extensions.Git\ISI.Extensions.Git.csproj", "{F74CEB8A-B302-4A89-8310-9C1D964F3F6B}"
EndProject
Project("{9A19103F-16F7-4668-BE54-9A1E7A4F7556}") = "ISI.Extensions.Jenkins", "ISI.Extensions.Jenkins\ISI.Extensions.Jenkins.csproj", "{B857B791-3F8A-445C-8F9D-2619B2689019}"
EndProject
Project("{9A19103F-16F7-4668-BE54-9A1E7A4F7556}") = "ISI.Extensions.VisualStudio", "ISI.Extensions.VisualStudio\ISI.Extensions.VisualStudio.csproj", "{6B55F503-9291-4D3A-BBE7-8A29C752F7E3}"
EndProject
Project("{9A19103F-16F7-4668-BE54-9A1E7A4F7556}") = "ISI.Extensions.Topshelf", "ISI.Extensions.Topshelf\ISI.Extensions.Topshelf.csproj", "{661B9FAC-E833-47E6-A306-BF3311492C94}"
EndProject
Project("{9A19103F-16F7-4668-BE54-9A1E7A4F7556}") = "ISI.Extensions.Aspose.Pdf", "ISI.Extensions.Aspose.Pdf\ISI.Extensions.Aspose.Pdf.csproj", "{6C52CC49-B651-4E61-8352-16C668291C99}"
EndProject
Project("{9A19103F-16F7-4668-BE54-9A1E7A4F7556}") = "ISI.Extensions.Aspose.Slides", "ISI.Extensions.Aspose.Slides\ISI.Extensions.Aspose.Slides.csproj", "{B946113C-BC15-4498-803D-49E327D7E045}"
EndProject
Project("{9A19103F-16F7-4668-BE54-9A1E7A4F7556}") = "ISI.Extensions.Jira", "ISI.Extensions.Jira\ISI.Extensions.Jira.csproj", "{B5C67A72-EA1B-4AEA-BAC6-7D8298F782E6}"
EndProject
Project("{9A19103F-16F7-4668-BE54-9A1E7A4F7556}") = "ISI.Extensions.Monitor", "ISI.Extensions.Monitor\ISI.Extensions.Monitor.csproj", "{0BC31173-1D15-4D5C-8670-D4E3341AD10E}"
EndProject
Project("{9A19103F-16F7-4668-BE54-9A1E7A4F7556}") = "ISI.Extensions.Asterisk", "ISI.Extensions.Asterisk\ISI.Extensions.Asterisk.csproj", "{C1593735-9235-4112-A55C-6E867389022D}"
EndProject
Project("{9A19103F-16F7-4668-BE54-9A1E7A4F7556}") = "ISI.Extensions.OpenCNAM", "ISI.Extensions.OpenCNAM\ISI.Extensions.OpenCNAM.csproj", "{012B329A-D366-4D92-BF21-F23145BBD1FD}"
EndProject
Project("{9A19103F-16F7-4668-BE54-9A1E7A4F7556}") = "ISI.Extensions.Razor", "ISI.Extensions.Razor\ISI.Extensions.Razor.csproj", "{331D7082-8BCC-4657-B1E9-6835E2887569}"
EndProject
Project("{FAE04EC0-301F-11D3-BF4B-00C04F79EFBC}") = "ISI.Extensions.Jenkins.Forms", "ISI.Extensions.Jenkins.Forms\ISI.Extensions.Jenkins.Forms.csproj", "{701672A4-A4C1-4560-AE06-CD2AE1AD472B}"
EndProject
Project("{FAE04EC0-301F-11D3-BF4B-00C04F79EFBC}") = "ISI.Extensions.Nuget.Forms", "ISI.Extensions.Nuget.Forms\ISI.Extensions.Nuget.Forms.csproj", "{83507687-A765-42D3-AAA1-42F8D3A5538A}"
EndProject
Project("{9A19103F-16F7-4668-BE54-9A1E7A4F7556}") = "ISI.Extensions.Security.ActiveDirectory", "ISI.Extensions.Security.ActiveDirectory\ISI.Extensions.Security.ActiveDirectory.csproj", "{A3F39442-5569-497D-B7F1-0137BDFF27F1}"
EndProject
Project("{9A19103F-16F7-4668-BE54-9A1E7A4F7556}") = "ISI.Extensions.Ipify", "ISI.Extensions.Ipify\ISI.Extensions.Ipify.csproj", "{8AADE5D9-7401-47C3-AAF3-677B6EA37E23}"
EndProject
Project("{9A19103F-16F7-4668-BE54-9A1E7A4F7556}") = "ISI.Extensions.GoDaddy", "ISI.Extensions.GoDaddy\ISI.Extensions.GoDaddy.csproj", "{4DBFA71C-C2BB-4E99-ACB8-294149154FDF}"
EndProject
Project("{9A19103F-16F7-4668-BE54-9A1E7A4F7556}") = "ISI.Extensions.AspNetCore.Tests", "ISI.Extensions.AspNetCore.Tests\ISI.Extensions.AspNetCore.Tests.csproj", "{B9665C80-417A-40F3-B41F-D4AD2BC6E635}"
EndProject
Project("{9A19103F-16F7-4668-BE54-9A1E7A4F7556}") = "ISI.Extensions.SshNet", "ISI.Extensions.SshNet\ISI.Extensions.SshNet.csproj", "{A4B93ABE-2806-43DD-99EE-799B789372BF}"
EndProject
Project("{9A19103F-16F7-4668-BE54-9A1E7A4F7556}") = "ISI.Extensions.GoDrive", "ISI.Extensions.GoDrive\ISI.Extensions.GoDrive.csproj", "{FFA5C7FB-7120-4E7A-8368-F9A1E2BC4E2E}"
EndProject
Project("{9A19103F-16F7-4668-BE54-9A1E7A4F7556}") = "ISI.Extensions.Ebcdic", "ISI.Extensions.Ebcdic\ISI.Extensions.Ebcdic.csproj", "{8566727C-14A5-489D-A193-50F1E3D580D6}"
EndProject
Project("{FAE04EC0-301F-11D3-BF4B-00C04F79EFBC}") = "ISI.Extensions.VisualStudio.Forms", "ISI.Extensions.VisualStudio.Forms\ISI.Extensions.VisualStudio.Forms.csproj", "{ADEC366D-0AF8-4F00-B16A-33121F8D7232}"
EndProject
Project("{9A19103F-16F7-4668-BE54-9A1E7A4F7556}") = "ISI.Extensions.SharpCompress", "ISI.Extensions.SharpCompress\ISI.Extensions.SharpCompress.csproj", "{2EEB9EE6-EE91-48EC-8262-356665BC452C}"
EndProject
Project("{9A19103F-16F7-4668-BE54-9A1E7A4F7556}") = "ISI.Extensions.Aspose.Zip", "ISI.Extensions.Aspose.Zip\ISI.Extensions.Aspose.Zip.csproj", "{475EF94B-05F2-4D26-8DA6-1A2D674D6739}"
EndProject
Project("{9A19103F-16F7-4668-BE54-9A1E7A4F7556}") = "ISI.Extensions.Ascii", "ISI.Extensions.Ascii\ISI.Extensions.Ascii.csproj", "{1152BB58-FB43-4E32-8A73-163B178821E1}"
EndProject
Project("{FAE04EC0-301F-11D3-BF4B-00C04F79EFBC}") = "ISI.Extensions.VisualStudio.Forms.Tests", "ISI.Extensions.VisualStudio.Forms.Tests\ISI.Extensions.VisualStudio.Forms.Tests.csproj", "{7286DCF9-526F-4EA3-B982-86A4B9E94850}"
EndProject
Project("{9A19103F-16F7-4668-BE54-9A1E7A4F7556}") = "ISI.Extensions.MessageBus.MassTransit.InMemory", "ISI.Extensions.MessageBus.MassTransit.InMemory\ISI.Extensions.MessageBus.MassTransit.InMemory.csproj", "{5D6B8C23-8F6D-4C07-A60C-C34915D084D1}"
EndProject
Project("{9A19103F-16F7-4668-BE54-9A1E7A4F7556}") = "ISI.Extensions.Slack", "ISI.Extensions.Slack\ISI.Extensions.Slack.csproj", "{20C7AE1A-5911-4921-B1EE-A7C2875407DA}"
EndProject
Project("{9A19103F-16F7-4668-BE54-9A1E7A4F7556}") = "ISI.Extensions.Security", "ISI.Extensions.Security\ISI.Extensions.Security.csproj", "{9D555E55-B815-47D9-B1E2-CAA24AA8249B}"
EndProject
Project("{9A19103F-16F7-4668-BE54-9A1E7A4F7556}") = "ISI.Extensions.Repository.Cassandra", "ISI.Extensions.Repository.Cassandra\ISI.Extensions.Repository.Cassandra.csproj", "{94D8A872-06F4-463D-AF6C-1543DF42692A}"
EndProject
Project("{9A19103F-16F7-4668-BE54-9A1E7A4F7556}") = "ISI.Extensions.JsonJwt", "ISI.Extensions.JsonJwt\ISI.Extensions.JsonJwt.csproj", "{30664C25-18FF-4E70-8B6B-554090E5A8B3}"
EndProject
Project("{9A19103F-16F7-4668-BE54-9A1E7A4F7556}") = "ISI.Extensions.Repository.RavenDb", "ISI.Extensions.Repository.RavenDb\ISI.Extensions.Repository.RavenDb.csproj", "{AB39D4F9-AE21-46B8-80BA-7602A8598A56}"
EndProject
Project("{9A19103F-16F7-4668-BE54-9A1E7A4F7556}") = "ISI.Extensions.Repository.PostgreSQL", "ISI.Extensions.Repository.PostgreSQL\ISI.Extensions.Repository.PostgreSQL.csproj", "{08F942CF-024E-4C7F-8D80-45720A383C21}"
EndProject
Project("{9A19103F-16F7-4668-BE54-9A1E7A4F7556}") = "ISI.Extensions.Keycloak", "ISI.Extensions.Keycloak\ISI.Extensions.Keycloak.csproj", "{08C4A27B-E82F-423C-AA00-FAB585AFC712}"
EndProject
Project("{FAE04EC0-301F-11D3-BF4B-00C04F79EFBC}") = "ISI.Extensions.WinForms", "ISI.Extensions.WinForms\ISI.Extensions.WinForms.csproj", "{D2964752-7094-43C6-89F4-F1D4417474C7}"
EndProject
Project("{FAE04EC0-301F-11D3-BF4B-00C04F79EFBC}") = "ISI.Extensions.Jenkins.Forms.Tests", "ISI.Extensions.Jenkins.Forms.Tests\ISI.Extensions.Jenkins.Forms.Tests.csproj", "{E18ADDEC-07E6-473D-9A2F-AA80792147C2}"
EndProject
Project("{FAE04EC0-301F-11D3-BF4B-00C04F79EFBC}") = "ISI.Extensions.Nuget.Forms.Tests", "ISI.Extensions.Nuget.Forms.Tests\ISI.Extensions.Nuget.Forms.Tests.csproj", "{290A4FFD-9390-4200-B16A-7DA8029663A3}"
EndProject
Global
	GlobalSection(SolutionConfigurationPlatforms) = preSolution
		Debug|Any CPU = Debug|Any CPU
		Debug|x64 = Debug|x64
		Release|Any CPU = Release|Any CPU
		Release|x64 = Release|x64
	EndGlobalSection
	GlobalSection(ProjectConfigurationPlatforms) = postSolution
		{09CEA440-36DE-4036-8C18-BE4E476C1477}.Debug|Any CPU.ActiveCfg = Debug|Any CPU
		{09CEA440-36DE-4036-8C18-BE4E476C1477}.Debug|Any CPU.Build.0 = Debug|Any CPU
		{09CEA440-36DE-4036-8C18-BE4E476C1477}.Debug|x64.ActiveCfg = Debug|x64
		{09CEA440-36DE-4036-8C18-BE4E476C1477}.Debug|x64.Build.0 = Debug|x64
		{09CEA440-36DE-4036-8C18-BE4E476C1477}.Release|Any CPU.ActiveCfg = Release|Any CPU
		{09CEA440-36DE-4036-8C18-BE4E476C1477}.Release|Any CPU.Build.0 = Release|Any CPU
		{09CEA440-36DE-4036-8C18-BE4E476C1477}.Release|x64.ActiveCfg = Release|x64
		{09CEA440-36DE-4036-8C18-BE4E476C1477}.Release|x64.Build.0 = Release|x64
		{22AD4CA5-F540-44AB-A890-7E424CAE5E26}.Debug|Any CPU.ActiveCfg = Debug|Any CPU
		{22AD4CA5-F540-44AB-A890-7E424CAE5E26}.Debug|Any CPU.Build.0 = Debug|Any CPU
		{22AD4CA5-F540-44AB-A890-7E424CAE5E26}.Debug|x64.ActiveCfg = Debug|x64
		{22AD4CA5-F540-44AB-A890-7E424CAE5E26}.Debug|x64.Build.0 = Debug|x64
		{22AD4CA5-F540-44AB-A890-7E424CAE5E26}.Release|Any CPU.ActiveCfg = Release|Any CPU
		{22AD4CA5-F540-44AB-A890-7E424CAE5E26}.Release|Any CPU.Build.0 = Release|Any CPU
		{22AD4CA5-F540-44AB-A890-7E424CAE5E26}.Release|x64.ActiveCfg = Release|x64
		{22AD4CA5-F540-44AB-A890-7E424CAE5E26}.Release|x64.Build.0 = Release|x64
		{C16F1EB0-3F4B-4DDA-86CA-1B921F802F30}.Debug|Any CPU.ActiveCfg = Debug|Any CPU
		{C16F1EB0-3F4B-4DDA-86CA-1B921F802F30}.Debug|Any CPU.Build.0 = Debug|Any CPU
		{C16F1EB0-3F4B-4DDA-86CA-1B921F802F30}.Debug|x64.ActiveCfg = Debug|x64
		{C16F1EB0-3F4B-4DDA-86CA-1B921F802F30}.Debug|x64.Build.0 = Debug|x64
		{C16F1EB0-3F4B-4DDA-86CA-1B921F802F30}.Release|Any CPU.ActiveCfg = Release|Any CPU
		{C16F1EB0-3F4B-4DDA-86CA-1B921F802F30}.Release|Any CPU.Build.0 = Release|Any CPU
		{C16F1EB0-3F4B-4DDA-86CA-1B921F802F30}.Release|x64.ActiveCfg = Release|x64
		{C16F1EB0-3F4B-4DDA-86CA-1B921F802F30}.Release|x64.Build.0 = Release|x64
		{E35A6320-9071-4C16-A9AD-2E6D3E16AF22}.Debug|Any CPU.ActiveCfg = Debug|Any CPU
		{E35A6320-9071-4C16-A9AD-2E6D3E16AF22}.Debug|Any CPU.Build.0 = Debug|Any CPU
		{E35A6320-9071-4C16-A9AD-2E6D3E16AF22}.Debug|x64.ActiveCfg = Debug|x64
		{E35A6320-9071-4C16-A9AD-2E6D3E16AF22}.Debug|x64.Build.0 = Debug|x64
		{E35A6320-9071-4C16-A9AD-2E6D3E16AF22}.Release|Any CPU.ActiveCfg = Release|Any CPU
		{E35A6320-9071-4C16-A9AD-2E6D3E16AF22}.Release|Any CPU.Build.0 = Release|Any CPU
		{E35A6320-9071-4C16-A9AD-2E6D3E16AF22}.Release|x64.ActiveCfg = Release|x64
		{E35A6320-9071-4C16-A9AD-2E6D3E16AF22}.Release|x64.Build.0 = Release|x64
		{C9E57686-6761-4A9E-8647-F7BEE1C2E8A4}.Debug|Any CPU.ActiveCfg = Debug|Any CPU
		{C9E57686-6761-4A9E-8647-F7BEE1C2E8A4}.Debug|Any CPU.Build.0 = Debug|Any CPU
		{C9E57686-6761-4A9E-8647-F7BEE1C2E8A4}.Debug|x64.ActiveCfg = Debug|x64
		{C9E57686-6761-4A9E-8647-F7BEE1C2E8A4}.Debug|x64.Build.0 = Debug|x64
		{C9E57686-6761-4A9E-8647-F7BEE1C2E8A4}.Release|Any CPU.ActiveCfg = Release|Any CPU
		{C9E57686-6761-4A9E-8647-F7BEE1C2E8A4}.Release|Any CPU.Build.0 = Release|Any CPU
		{C9E57686-6761-4A9E-8647-F7BEE1C2E8A4}.Release|x64.ActiveCfg = Release|x64
		{C9E57686-6761-4A9E-8647-F7BEE1C2E8A4}.Release|x64.Build.0 = Release|x64
		{22D5F9C0-5D4B-40CA-8553-4715EE33EFB3}.Debug|Any CPU.ActiveCfg = Debug|Any CPU
		{22D5F9C0-5D4B-40CA-8553-4715EE33EFB3}.Debug|Any CPU.Build.0 = Debug|Any CPU
		{22D5F9C0-5D4B-40CA-8553-4715EE33EFB3}.Debug|x64.ActiveCfg = Debug|x64
		{22D5F9C0-5D4B-40CA-8553-4715EE33EFB3}.Debug|x64.Build.0 = Debug|x64
		{22D5F9C0-5D4B-40CA-8553-4715EE33EFB3}.Release|Any CPU.ActiveCfg = Release|Any CPU
		{22D5F9C0-5D4B-40CA-8553-4715EE33EFB3}.Release|Any CPU.Build.0 = Release|Any CPU
		{22D5F9C0-5D4B-40CA-8553-4715EE33EFB3}.Release|x64.ActiveCfg = Release|x64
		{22D5F9C0-5D4B-40CA-8553-4715EE33EFB3}.Release|x64.Build.0 = Release|x64
		{B92BF6CC-75D9-40BB-A577-19155877C02D}.Debug|Any CPU.ActiveCfg = Debug|Any CPU
		{B92BF6CC-75D9-40BB-A577-19155877C02D}.Debug|Any CPU.Build.0 = Debug|Any CPU
		{B92BF6CC-75D9-40BB-A577-19155877C02D}.Debug|x64.ActiveCfg = Debug|x64
		{B92BF6CC-75D9-40BB-A577-19155877C02D}.Debug|x64.Build.0 = Debug|x64
		{B92BF6CC-75D9-40BB-A577-19155877C02D}.Release|Any CPU.ActiveCfg = Release|Any CPU
		{B92BF6CC-75D9-40BB-A577-19155877C02D}.Release|Any CPU.Build.0 = Release|Any CPU
		{B92BF6CC-75D9-40BB-A577-19155877C02D}.Release|x64.ActiveCfg = Release|x64
		{B92BF6CC-75D9-40BB-A577-19155877C02D}.Release|x64.Build.0 = Release|x64
		{FF583614-56D3-47B4-9EB2-6E7A9C846A6F}.Debug|Any CPU.ActiveCfg = Debug|Any CPU
		{FF583614-56D3-47B4-9EB2-6E7A9C846A6F}.Debug|Any CPU.Build.0 = Debug|Any CPU
		{FF583614-56D3-47B4-9EB2-6E7A9C846A6F}.Debug|x64.ActiveCfg = Debug|x64
		{FF583614-56D3-47B4-9EB2-6E7A9C846A6F}.Debug|x64.Build.0 = Debug|x64
		{FF583614-56D3-47B4-9EB2-6E7A9C846A6F}.Release|Any CPU.ActiveCfg = Release|Any CPU
		{FF583614-56D3-47B4-9EB2-6E7A9C846A6F}.Release|Any CPU.Build.0 = Release|Any CPU
		{FF583614-56D3-47B4-9EB2-6E7A9C846A6F}.Release|x64.ActiveCfg = Release|x64
		{FF583614-56D3-47B4-9EB2-6E7A9C846A6F}.Release|x64.Build.0 = Release|x64
		{15C487CF-813D-4855-BF94-39D39B90551D}.Debug|Any CPU.ActiveCfg = Debug|Any CPU
		{15C487CF-813D-4855-BF94-39D39B90551D}.Debug|Any CPU.Build.0 = Debug|Any CPU
		{15C487CF-813D-4855-BF94-39D39B90551D}.Debug|x64.ActiveCfg = Debug|x64
		{15C487CF-813D-4855-BF94-39D39B90551D}.Debug|x64.Build.0 = Debug|x64
		{15C487CF-813D-4855-BF94-39D39B90551D}.Release|Any CPU.ActiveCfg = Release|Any CPU
		{15C487CF-813D-4855-BF94-39D39B90551D}.Release|Any CPU.Build.0 = Release|Any CPU
		{15C487CF-813D-4855-BF94-39D39B90551D}.Release|x64.ActiveCfg = Release|x64
		{15C487CF-813D-4855-BF94-39D39B90551D}.Release|x64.Build.0 = Release|x64
		{CF46768C-E3CB-4AF9-A682-880260D83154}.Debug|Any CPU.ActiveCfg = Debug|Any CPU
		{CF46768C-E3CB-4AF9-A682-880260D83154}.Debug|Any CPU.Build.0 = Debug|Any CPU
		{CF46768C-E3CB-4AF9-A682-880260D83154}.Debug|x64.ActiveCfg = Debug|x64
		{CF46768C-E3CB-4AF9-A682-880260D83154}.Debug|x64.Build.0 = Debug|x64
		{CF46768C-E3CB-4AF9-A682-880260D83154}.Release|Any CPU.ActiveCfg = Release|Any CPU
		{CF46768C-E3CB-4AF9-A682-880260D83154}.Release|Any CPU.Build.0 = Release|Any CPU
		{CF46768C-E3CB-4AF9-A682-880260D83154}.Release|x64.ActiveCfg = Release|x64
		{CF46768C-E3CB-4AF9-A682-880260D83154}.Release|x64.Build.0 = Release|x64
		{33403003-544C-4282-A8C1-E314060E6FB8}.Debug|Any CPU.ActiveCfg = Debug|Any CPU
		{33403003-544C-4282-A8C1-E314060E6FB8}.Debug|Any CPU.Build.0 = Debug|Any CPU
		{33403003-544C-4282-A8C1-E314060E6FB8}.Debug|x64.ActiveCfg = Debug|x64
		{33403003-544C-4282-A8C1-E314060E6FB8}.Debug|x64.Build.0 = Debug|x64
		{33403003-544C-4282-A8C1-E314060E6FB8}.Release|Any CPU.ActiveCfg = Release|Any CPU
		{33403003-544C-4282-A8C1-E314060E6FB8}.Release|Any CPU.Build.0 = Release|Any CPU
		{33403003-544C-4282-A8C1-E314060E6FB8}.Release|x64.ActiveCfg = Release|x64
		{33403003-544C-4282-A8C1-E314060E6FB8}.Release|x64.Build.0 = Release|x64
		{B73C042B-35A5-4B32-B2AF-DC9918CDD5D9}.Debug|Any CPU.ActiveCfg = Debug|Any CPU
		{B73C042B-35A5-4B32-B2AF-DC9918CDD5D9}.Debug|Any CPU.Build.0 = Debug|Any CPU
		{B73C042B-35A5-4B32-B2AF-DC9918CDD5D9}.Debug|x64.ActiveCfg = Debug|x64
		{B73C042B-35A5-4B32-B2AF-DC9918CDD5D9}.Debug|x64.Build.0 = Debug|x64
		{B73C042B-35A5-4B32-B2AF-DC9918CDD5D9}.Release|Any CPU.ActiveCfg = Release|Any CPU
		{B73C042B-35A5-4B32-B2AF-DC9918CDD5D9}.Release|Any CPU.Build.0 = Release|Any CPU
		{B73C042B-35A5-4B32-B2AF-DC9918CDD5D9}.Release|x64.ActiveCfg = Release|x64
		{B73C042B-35A5-4B32-B2AF-DC9918CDD5D9}.Release|x64.Build.0 = Release|x64
		{8BFE6FCB-C0A8-4595-8A2F-1316FF38F4E0}.Debug|Any CPU.ActiveCfg = Debug|Any CPU
		{8BFE6FCB-C0A8-4595-8A2F-1316FF38F4E0}.Debug|Any CPU.Build.0 = Debug|Any CPU
		{8BFE6FCB-C0A8-4595-8A2F-1316FF38F4E0}.Debug|x64.ActiveCfg = Debug|x64
		{8BFE6FCB-C0A8-4595-8A2F-1316FF38F4E0}.Debug|x64.Build.0 = Debug|x64
		{8BFE6FCB-C0A8-4595-8A2F-1316FF38F4E0}.Release|Any CPU.ActiveCfg = Release|Any CPU
		{8BFE6FCB-C0A8-4595-8A2F-1316FF38F4E0}.Release|Any CPU.Build.0 = Release|Any CPU
		{8BFE6FCB-C0A8-4595-8A2F-1316FF38F4E0}.Release|x64.ActiveCfg = Release|x64
		{8BFE6FCB-C0A8-4595-8A2F-1316FF38F4E0}.Release|x64.Build.0 = Release|x64
		{130592A1-9AB5-4DBB-9FC8-1D66CAF105B8}.Debug|Any CPU.ActiveCfg = Debug|Any CPU
		{130592A1-9AB5-4DBB-9FC8-1D66CAF105B8}.Debug|Any CPU.Build.0 = Debug|Any CPU
		{130592A1-9AB5-4DBB-9FC8-1D66CAF105B8}.Debug|x64.ActiveCfg = Debug|x64
		{130592A1-9AB5-4DBB-9FC8-1D66CAF105B8}.Debug|x64.Build.0 = Debug|x64
		{130592A1-9AB5-4DBB-9FC8-1D66CAF105B8}.Release|Any CPU.ActiveCfg = Release|Any CPU
		{130592A1-9AB5-4DBB-9FC8-1D66CAF105B8}.Release|Any CPU.Build.0 = Release|Any CPU
		{130592A1-9AB5-4DBB-9FC8-1D66CAF105B8}.Release|x64.ActiveCfg = Release|x64
		{130592A1-9AB5-4DBB-9FC8-1D66CAF105B8}.Release|x64.Build.0 = Release|x64
		{3C9263B7-4197-490E-98B8-862DA8276B27}.Debug|Any CPU.ActiveCfg = Debug|Any CPU
		{3C9263B7-4197-490E-98B8-862DA8276B27}.Debug|Any CPU.Build.0 = Debug|Any CPU
		{3C9263B7-4197-490E-98B8-862DA8276B27}.Debug|x64.ActiveCfg = Debug|x64
		{3C9263B7-4197-490E-98B8-862DA8276B27}.Debug|x64.Build.0 = Debug|x64
		{3C9263B7-4197-490E-98B8-862DA8276B27}.Release|Any CPU.ActiveCfg = Release|Any CPU
		{3C9263B7-4197-490E-98B8-862DA8276B27}.Release|Any CPU.Build.0 = Release|Any CPU
		{3C9263B7-4197-490E-98B8-862DA8276B27}.Release|x64.ActiveCfg = Release|x64
		{3C9263B7-4197-490E-98B8-862DA8276B27}.Release|x64.Build.0 = Release|x64
		{1DBC5FE7-F958-4FB5-B226-9EB25FA31E09}.Debug|Any CPU.ActiveCfg = Debug|Any CPU
		{1DBC5FE7-F958-4FB5-B226-9EB25FA31E09}.Debug|Any CPU.Build.0 = Debug|Any CPU
		{1DBC5FE7-F958-4FB5-B226-9EB25FA31E09}.Debug|x64.ActiveCfg = Debug|x64
		{1DBC5FE7-F958-4FB5-B226-9EB25FA31E09}.Debug|x64.Build.0 = Debug|x64
		{1DBC5FE7-F958-4FB5-B226-9EB25FA31E09}.Release|Any CPU.ActiveCfg = Release|Any CPU
		{1DBC5FE7-F958-4FB5-B226-9EB25FA31E09}.Release|Any CPU.Build.0 = Release|Any CPU
		{1DBC5FE7-F958-4FB5-B226-9EB25FA31E09}.Release|x64.ActiveCfg = Release|x64
		{1DBC5FE7-F958-4FB5-B226-9EB25FA31E09}.Release|x64.Build.0 = Release|x64
		{0902482A-3E9A-4A80-A923-575BC11E4CE4}.Debug|Any CPU.ActiveCfg = Debug|Any CPU
		{0902482A-3E9A-4A80-A923-575BC11E4CE4}.Debug|Any CPU.Build.0 = Debug|Any CPU
		{0902482A-3E9A-4A80-A923-575BC11E4CE4}.Debug|x64.ActiveCfg = Debug|x64
		{0902482A-3E9A-4A80-A923-575BC11E4CE4}.Debug|x64.Build.0 = Debug|x64
		{0902482A-3E9A-4A80-A923-575BC11E4CE4}.Release|Any CPU.ActiveCfg = Release|Any CPU
		{0902482A-3E9A-4A80-A923-575BC11E4CE4}.Release|Any CPU.Build.0 = Release|Any CPU
		{0902482A-3E9A-4A80-A923-575BC11E4CE4}.Release|x64.ActiveCfg = Release|x64
		{0902482A-3E9A-4A80-A923-575BC11E4CE4}.Release|x64.Build.0 = Release|x64
		{FC127E15-B0B0-493C-BF46-C7810B1E3648}.Debug|Any CPU.ActiveCfg = Debug|Any CPU
		{FC127E15-B0B0-493C-BF46-C7810B1E3648}.Debug|Any CPU.Build.0 = Debug|Any CPU
		{FC127E15-B0B0-493C-BF46-C7810B1E3648}.Debug|x64.ActiveCfg = Debug|x64
		{FC127E15-B0B0-493C-BF46-C7810B1E3648}.Debug|x64.Build.0 = Debug|x64
		{FC127E15-B0B0-493C-BF46-C7810B1E3648}.Release|Any CPU.ActiveCfg = Release|Any CPU
		{FC127E15-B0B0-493C-BF46-C7810B1E3648}.Release|Any CPU.Build.0 = Release|Any CPU
		{FC127E15-B0B0-493C-BF46-C7810B1E3648}.Release|x64.ActiveCfg = Release|x64
		{FC127E15-B0B0-493C-BF46-C7810B1E3648}.Release|x64.Build.0 = Release|x64
		{12E7BEE4-1CF8-4D37-9C60-16F5B5D4D1DD}.Debug|Any CPU.ActiveCfg = Debug|Any CPU
		{12E7BEE4-1CF8-4D37-9C60-16F5B5D4D1DD}.Debug|Any CPU.Build.0 = Debug|Any CPU
		{12E7BEE4-1CF8-4D37-9C60-16F5B5D4D1DD}.Debug|x64.ActiveCfg = Debug|x64
		{12E7BEE4-1CF8-4D37-9C60-16F5B5D4D1DD}.Debug|x64.Build.0 = Debug|x64
		{12E7BEE4-1CF8-4D37-9C60-16F5B5D4D1DD}.Release|Any CPU.ActiveCfg = Release|Any CPU
		{12E7BEE4-1CF8-4D37-9C60-16F5B5D4D1DD}.Release|Any CPU.Build.0 = Release|Any CPU
		{12E7BEE4-1CF8-4D37-9C60-16F5B5D4D1DD}.Release|x64.ActiveCfg = Release|x64
		{12E7BEE4-1CF8-4D37-9C60-16F5B5D4D1DD}.Release|x64.Build.0 = Release|x64
		{FB861B75-7B2D-4D3F-93FC-87E2667A516C}.Debug|Any CPU.ActiveCfg = Debug|Any CPU
		{FB861B75-7B2D-4D3F-93FC-87E2667A516C}.Debug|Any CPU.Build.0 = Debug|Any CPU
		{FB861B75-7B2D-4D3F-93FC-87E2667A516C}.Debug|x64.ActiveCfg = Debug|Any CPU
		{FB861B75-7B2D-4D3F-93FC-87E2667A516C}.Debug|x64.Build.0 = Debug|Any CPU
		{FB861B75-7B2D-4D3F-93FC-87E2667A516C}.Release|Any CPU.ActiveCfg = Release|Any CPU
		{FB861B75-7B2D-4D3F-93FC-87E2667A516C}.Release|Any CPU.Build.0 = Release|Any CPU
		{FB861B75-7B2D-4D3F-93FC-87E2667A516C}.Release|x64.ActiveCfg = Release|Any CPU
		{FB861B75-7B2D-4D3F-93FC-87E2667A516C}.Release|x64.Build.0 = Release|Any CPU
		{CAEF609E-9D95-4CA3-9044-EAB1EC41BC69}.Debug|Any CPU.ActiveCfg = Debug|Any CPU
		{CAEF609E-9D95-4CA3-9044-EAB1EC41BC69}.Debug|Any CPU.Build.0 = Debug|Any CPU
		{CAEF609E-9D95-4CA3-9044-EAB1EC41BC69}.Debug|x64.ActiveCfg = Debug|Any CPU
		{CAEF609E-9D95-4CA3-9044-EAB1EC41BC69}.Debug|x64.Build.0 = Debug|Any CPU
		{CAEF609E-9D95-4CA3-9044-EAB1EC41BC69}.Release|Any CPU.ActiveCfg = Release|Any CPU
		{CAEF609E-9D95-4CA3-9044-EAB1EC41BC69}.Release|Any CPU.Build.0 = Release|Any CPU
		{CAEF609E-9D95-4CA3-9044-EAB1EC41BC69}.Release|x64.ActiveCfg = Release|Any CPU
		{CAEF609E-9D95-4CA3-9044-EAB1EC41BC69}.Release|x64.Build.0 = Release|Any CPU
		{71545B03-6B5C-4A70-AF52-A372075A3D05}.Debug|Any CPU.ActiveCfg = Debug|Any CPU
		{71545B03-6B5C-4A70-AF52-A372075A3D05}.Debug|Any CPU.Build.0 = Debug|Any CPU
		{71545B03-6B5C-4A70-AF52-A372075A3D05}.Debug|x64.ActiveCfg = Debug|Any CPU
		{71545B03-6B5C-4A70-AF52-A372075A3D05}.Debug|x64.Build.0 = Debug|Any CPU
		{71545B03-6B5C-4A70-AF52-A372075A3D05}.Release|Any CPU.ActiveCfg = Release|Any CPU
		{71545B03-6B5C-4A70-AF52-A372075A3D05}.Release|Any CPU.Build.0 = Release|Any CPU
		{71545B03-6B5C-4A70-AF52-A372075A3D05}.Release|x64.ActiveCfg = Release|Any CPU
		{71545B03-6B5C-4A70-AF52-A372075A3D05}.Release|x64.Build.0 = Release|Any CPU
		{0876C2A7-4873-4C4D-88D2-4142BDE31C03}.Debug|Any CPU.ActiveCfg = Debug|Any CPU
		{0876C2A7-4873-4C4D-88D2-4142BDE31C03}.Debug|Any CPU.Build.0 = Debug|Any CPU
		{0876C2A7-4873-4C4D-88D2-4142BDE31C03}.Debug|x64.ActiveCfg = Debug|x64
		{0876C2A7-4873-4C4D-88D2-4142BDE31C03}.Debug|x64.Build.0 = Debug|x64
		{0876C2A7-4873-4C4D-88D2-4142BDE31C03}.Release|Any CPU.ActiveCfg = Release|Any CPU
		{0876C2A7-4873-4C4D-88D2-4142BDE31C03}.Release|Any CPU.Build.0 = Release|Any CPU
		{0876C2A7-4873-4C4D-88D2-4142BDE31C03}.Release|x64.ActiveCfg = Release|x64
		{0876C2A7-4873-4C4D-88D2-4142BDE31C03}.Release|x64.Build.0 = Release|x64
		{F74CEB8A-B302-4A89-8310-9C1D964F3F6B}.Debug|Any CPU.ActiveCfg = Debug|Any CPU
		{F74CEB8A-B302-4A89-8310-9C1D964F3F6B}.Debug|Any CPU.Build.0 = Debug|Any CPU
		{F74CEB8A-B302-4A89-8310-9C1D964F3F6B}.Debug|x64.ActiveCfg = Debug|Any CPU
		{F74CEB8A-B302-4A89-8310-9C1D964F3F6B}.Debug|x64.Build.0 = Debug|Any CPU
		{F74CEB8A-B302-4A89-8310-9C1D964F3F6B}.Release|Any CPU.ActiveCfg = Release|Any CPU
		{F74CEB8A-B302-4A89-8310-9C1D964F3F6B}.Release|Any CPU.Build.0 = Release|Any CPU
		{F74CEB8A-B302-4A89-8310-9C1D964F3F6B}.Release|x64.ActiveCfg = Release|Any CPU
		{F74CEB8A-B302-4A89-8310-9C1D964F3F6B}.Release|x64.Build.0 = Release|Any CPU
		{B857B791-3F8A-445C-8F9D-2619B2689019}.Debug|Any CPU.ActiveCfg = Debug|Any CPU
		{B857B791-3F8A-445C-8F9D-2619B2689019}.Debug|Any CPU.Build.0 = Debug|Any CPU
		{B857B791-3F8A-445C-8F9D-2619B2689019}.Debug|x64.ActiveCfg = Debug|Any CPU
		{B857B791-3F8A-445C-8F9D-2619B2689019}.Debug|x64.Build.0 = Debug|Any CPU
		{B857B791-3F8A-445C-8F9D-2619B2689019}.Release|Any CPU.ActiveCfg = Release|Any CPU
		{B857B791-3F8A-445C-8F9D-2619B2689019}.Release|Any CPU.Build.0 = Release|Any CPU
		{B857B791-3F8A-445C-8F9D-2619B2689019}.Release|x64.ActiveCfg = Release|Any CPU
		{B857B791-3F8A-445C-8F9D-2619B2689019}.Release|x64.Build.0 = Release|Any CPU
		{6B55F503-9291-4D3A-BBE7-8A29C752F7E3}.Debug|Any CPU.ActiveCfg = Debug|Any CPU
		{6B55F503-9291-4D3A-BBE7-8A29C752F7E3}.Debug|Any CPU.Build.0 = Debug|Any CPU
		{6B55F503-9291-4D3A-BBE7-8A29C752F7E3}.Debug|x64.ActiveCfg = Debug|Any CPU
		{6B55F503-9291-4D3A-BBE7-8A29C752F7E3}.Debug|x64.Build.0 = Debug|Any CPU
		{6B55F503-9291-4D3A-BBE7-8A29C752F7E3}.Release|Any CPU.ActiveCfg = Release|Any CPU
		{6B55F503-9291-4D3A-BBE7-8A29C752F7E3}.Release|Any CPU.Build.0 = Release|Any CPU
		{6B55F503-9291-4D3A-BBE7-8A29C752F7E3}.Release|x64.ActiveCfg = Release|Any CPU
		{6B55F503-9291-4D3A-BBE7-8A29C752F7E3}.Release|x64.Build.0 = Release|Any CPU
		{661B9FAC-E833-47E6-A306-BF3311492C94}.Debug|Any CPU.ActiveCfg = Debug|Any CPU
		{661B9FAC-E833-47E6-A306-BF3311492C94}.Debug|Any CPU.Build.0 = Debug|Any CPU
		{661B9FAC-E833-47E6-A306-BF3311492C94}.Debug|x64.ActiveCfg = Debug|Any CPU
		{661B9FAC-E833-47E6-A306-BF3311492C94}.Debug|x64.Build.0 = Debug|Any CPU
		{661B9FAC-E833-47E6-A306-BF3311492C94}.Release|Any CPU.ActiveCfg = Release|Any CPU
		{661B9FAC-E833-47E6-A306-BF3311492C94}.Release|Any CPU.Build.0 = Release|Any CPU
		{661B9FAC-E833-47E6-A306-BF3311492C94}.Release|x64.ActiveCfg = Release|Any CPU
		{661B9FAC-E833-47E6-A306-BF3311492C94}.Release|x64.Build.0 = Release|Any CPU
		{6C52CC49-B651-4E61-8352-16C668291C99}.Debug|Any CPU.ActiveCfg = Debug|Any CPU
		{6C52CC49-B651-4E61-8352-16C668291C99}.Debug|Any CPU.Build.0 = Debug|Any CPU
		{6C52CC49-B651-4E61-8352-16C668291C99}.Debug|x64.ActiveCfg = Debug|Any CPU
		{6C52CC49-B651-4E61-8352-16C668291C99}.Debug|x64.Build.0 = Debug|Any CPU
		{6C52CC49-B651-4E61-8352-16C668291C99}.Release|Any CPU.ActiveCfg = Release|Any CPU
		{6C52CC49-B651-4E61-8352-16C668291C99}.Release|Any CPU.Build.0 = Release|Any CPU
		{6C52CC49-B651-4E61-8352-16C668291C99}.Release|x64.ActiveCfg = Release|Any CPU
		{6C52CC49-B651-4E61-8352-16C668291C99}.Release|x64.Build.0 = Release|Any CPU
		{B946113C-BC15-4498-803D-49E327D7E045}.Debug|Any CPU.ActiveCfg = Debug|Any CPU
		{B946113C-BC15-4498-803D-49E327D7E045}.Debug|Any CPU.Build.0 = Debug|Any CPU
		{B946113C-BC15-4498-803D-49E327D7E045}.Debug|x64.ActiveCfg = Debug|Any CPU
		{B946113C-BC15-4498-803D-49E327D7E045}.Debug|x64.Build.0 = Debug|Any CPU
		{B946113C-BC15-4498-803D-49E327D7E045}.Release|Any CPU.ActiveCfg = Release|Any CPU
		{B946113C-BC15-4498-803D-49E327D7E045}.Release|Any CPU.Build.0 = Release|Any CPU
		{B946113C-BC15-4498-803D-49E327D7E045}.Release|x64.ActiveCfg = Release|Any CPU
		{B946113C-BC15-4498-803D-49E327D7E045}.Release|x64.Build.0 = Release|Any CPU
		{B5C67A72-EA1B-4AEA-BAC6-7D8298F782E6}.Debug|Any CPU.ActiveCfg = Debug|Any CPU
		{B5C67A72-EA1B-4AEA-BAC6-7D8298F782E6}.Debug|Any CPU.Build.0 = Debug|Any CPU
		{B5C67A72-EA1B-4AEA-BAC6-7D8298F782E6}.Debug|x64.ActiveCfg = Debug|Any CPU
		{B5C67A72-EA1B-4AEA-BAC6-7D8298F782E6}.Debug|x64.Build.0 = Debug|Any CPU
		{B5C67A72-EA1B-4AEA-BAC6-7D8298F782E6}.Release|Any CPU.ActiveCfg = Release|Any CPU
		{B5C67A72-EA1B-4AEA-BAC6-7D8298F782E6}.Release|Any CPU.Build.0 = Release|Any CPU
		{B5C67A72-EA1B-4AEA-BAC6-7D8298F782E6}.Release|x64.ActiveCfg = Release|Any CPU
		{B5C67A72-EA1B-4AEA-BAC6-7D8298F782E6}.Release|x64.Build.0 = Release|Any CPU
		{0BC31173-1D15-4D5C-8670-D4E3341AD10E}.Debug|Any CPU.ActiveCfg = Debug|Any CPU
		{0BC31173-1D15-4D5C-8670-D4E3341AD10E}.Debug|Any CPU.Build.0 = Debug|Any CPU
		{0BC31173-1D15-4D5C-8670-D4E3341AD10E}.Debug|x64.ActiveCfg = Debug|Any CPU
		{0BC31173-1D15-4D5C-8670-D4E3341AD10E}.Debug|x64.Build.0 = Debug|Any CPU
		{0BC31173-1D15-4D5C-8670-D4E3341AD10E}.Release|Any CPU.ActiveCfg = Release|Any CPU
		{0BC31173-1D15-4D5C-8670-D4E3341AD10E}.Release|Any CPU.Build.0 = Release|Any CPU
		{0BC31173-1D15-4D5C-8670-D4E3341AD10E}.Release|x64.ActiveCfg = Release|Any CPU
		{0BC31173-1D15-4D5C-8670-D4E3341AD10E}.Release|x64.Build.0 = Release|Any CPU
		{C1593735-9235-4112-A55C-6E867389022D}.Debug|Any CPU.ActiveCfg = Debug|Any CPU
		{C1593735-9235-4112-A55C-6E867389022D}.Debug|Any CPU.Build.0 = Debug|Any CPU
		{C1593735-9235-4112-A55C-6E867389022D}.Debug|x64.ActiveCfg = Debug|Any CPU
		{C1593735-9235-4112-A55C-6E867389022D}.Debug|x64.Build.0 = Debug|Any CPU
		{C1593735-9235-4112-A55C-6E867389022D}.Release|Any CPU.ActiveCfg = Release|Any CPU
		{C1593735-9235-4112-A55C-6E867389022D}.Release|Any CPU.Build.0 = Release|Any CPU
		{C1593735-9235-4112-A55C-6E867389022D}.Release|x64.ActiveCfg = Release|Any CPU
		{C1593735-9235-4112-A55C-6E867389022D}.Release|x64.Build.0 = Release|Any CPU
		{012B329A-D366-4D92-BF21-F23145BBD1FD}.Debug|Any CPU.ActiveCfg = Debug|Any CPU
		{012B329A-D366-4D92-BF21-F23145BBD1FD}.Debug|Any CPU.Build.0 = Debug|Any CPU
		{012B329A-D366-4D92-BF21-F23145BBD1FD}.Debug|x64.ActiveCfg = Debug|Any CPU
		{012B329A-D366-4D92-BF21-F23145BBD1FD}.Debug|x64.Build.0 = Debug|Any CPU
		{012B329A-D366-4D92-BF21-F23145BBD1FD}.Release|Any CPU.ActiveCfg = Release|Any CPU
		{012B329A-D366-4D92-BF21-F23145BBD1FD}.Release|Any CPU.Build.0 = Release|Any CPU
		{012B329A-D366-4D92-BF21-F23145BBD1FD}.Release|x64.ActiveCfg = Release|Any CPU
		{012B329A-D366-4D92-BF21-F23145BBD1FD}.Release|x64.Build.0 = Release|Any CPU
		{331D7082-8BCC-4657-B1E9-6835E2887569}.Debug|Any CPU.ActiveCfg = Debug|Any CPU
		{331D7082-8BCC-4657-B1E9-6835E2887569}.Debug|Any CPU.Build.0 = Debug|Any CPU
		{331D7082-8BCC-4657-B1E9-6835E2887569}.Debug|x64.ActiveCfg = Debug|Any CPU
		{331D7082-8BCC-4657-B1E9-6835E2887569}.Debug|x64.Build.0 = Debug|Any CPU
		{331D7082-8BCC-4657-B1E9-6835E2887569}.Release|Any CPU.ActiveCfg = Release|Any CPU
		{331D7082-8BCC-4657-B1E9-6835E2887569}.Release|Any CPU.Build.0 = Release|Any CPU
		{331D7082-8BCC-4657-B1E9-6835E2887569}.Release|x64.ActiveCfg = Release|Any CPU
		{331D7082-8BCC-4657-B1E9-6835E2887569}.Release|x64.Build.0 = Release|Any CPU
		{701672A4-A4C1-4560-AE06-CD2AE1AD472B}.Debug|Any CPU.ActiveCfg = Debug|Any CPU
		{701672A4-A4C1-4560-AE06-CD2AE1AD472B}.Debug|Any CPU.Build.0 = Debug|Any CPU
		{701672A4-A4C1-4560-AE06-CD2AE1AD472B}.Debug|x64.ActiveCfg = Debug|Any CPU
		{701672A4-A4C1-4560-AE06-CD2AE1AD472B}.Debug|x64.Build.0 = Debug|Any CPU
		{701672A4-A4C1-4560-AE06-CD2AE1AD472B}.Release|Any CPU.ActiveCfg = Release|Any CPU
		{701672A4-A4C1-4560-AE06-CD2AE1AD472B}.Release|Any CPU.Build.0 = Release|Any CPU
		{701672A4-A4C1-4560-AE06-CD2AE1AD472B}.Release|x64.ActiveCfg = Release|Any CPU
		{701672A4-A4C1-4560-AE06-CD2AE1AD472B}.Release|x64.Build.0 = Release|Any CPU
		{83507687-A765-42D3-AAA1-42F8D3A5538A}.Debug|Any CPU.ActiveCfg = Debug|Any CPU
		{83507687-A765-42D3-AAA1-42F8D3A5538A}.Debug|Any CPU.Build.0 = Debug|Any CPU
		{83507687-A765-42D3-AAA1-42F8D3A5538A}.Debug|x64.ActiveCfg = Debug|Any CPU
		{83507687-A765-42D3-AAA1-42F8D3A5538A}.Debug|x64.Build.0 = Debug|Any CPU
		{83507687-A765-42D3-AAA1-42F8D3A5538A}.Release|Any CPU.ActiveCfg = Release|Any CPU
		{83507687-A765-42D3-AAA1-42F8D3A5538A}.Release|Any CPU.Build.0 = Release|Any CPU
		{83507687-A765-42D3-AAA1-42F8D3A5538A}.Release|x64.ActiveCfg = Release|Any CPU
		{83507687-A765-42D3-AAA1-42F8D3A5538A}.Release|x64.Build.0 = Release|Any CPU
		{A3F39442-5569-497D-B7F1-0137BDFF27F1}.Debug|Any CPU.ActiveCfg = Debug|Any CPU
		{A3F39442-5569-497D-B7F1-0137BDFF27F1}.Debug|Any CPU.Build.0 = Debug|Any CPU
		{A3F39442-5569-497D-B7F1-0137BDFF27F1}.Debug|x64.ActiveCfg = Debug|Any CPU
		{A3F39442-5569-497D-B7F1-0137BDFF27F1}.Debug|x64.Build.0 = Debug|Any CPU
		{A3F39442-5569-497D-B7F1-0137BDFF27F1}.Release|Any CPU.ActiveCfg = Release|Any CPU
		{A3F39442-5569-497D-B7F1-0137BDFF27F1}.Release|Any CPU.Build.0 = Release|Any CPU
		{A3F39442-5569-497D-B7F1-0137BDFF27F1}.Release|x64.ActiveCfg = Release|Any CPU
		{A3F39442-5569-497D-B7F1-0137BDFF27F1}.Release|x64.Build.0 = Release|Any CPU
		{8AADE5D9-7401-47C3-AAF3-677B6EA37E23}.Debug|Any CPU.ActiveCfg = Debug|Any CPU
		{8AADE5D9-7401-47C3-AAF3-677B6EA37E23}.Debug|Any CPU.Build.0 = Debug|Any CPU
		{8AADE5D9-7401-47C3-AAF3-677B6EA37E23}.Debug|x64.ActiveCfg = Debug|Any CPU
		{8AADE5D9-7401-47C3-AAF3-677B6EA37E23}.Debug|x64.Build.0 = Debug|Any CPU
		{8AADE5D9-7401-47C3-AAF3-677B6EA37E23}.Release|Any CPU.ActiveCfg = Release|Any CPU
		{8AADE5D9-7401-47C3-AAF3-677B6EA37E23}.Release|Any CPU.Build.0 = Release|Any CPU
		{8AADE5D9-7401-47C3-AAF3-677B6EA37E23}.Release|x64.ActiveCfg = Release|Any CPU
		{8AADE5D9-7401-47C3-AAF3-677B6EA37E23}.Release|x64.Build.0 = Release|Any CPU
		{4DBFA71C-C2BB-4E99-ACB8-294149154FDF}.Debug|Any CPU.ActiveCfg = Debug|Any CPU
		{4DBFA71C-C2BB-4E99-ACB8-294149154FDF}.Debug|Any CPU.Build.0 = Debug|Any CPU
		{4DBFA71C-C2BB-4E99-ACB8-294149154FDF}.Debug|x64.ActiveCfg = Debug|Any CPU
		{4DBFA71C-C2BB-4E99-ACB8-294149154FDF}.Debug|x64.Build.0 = Debug|Any CPU
		{4DBFA71C-C2BB-4E99-ACB8-294149154FDF}.Release|Any CPU.ActiveCfg = Release|Any CPU
		{4DBFA71C-C2BB-4E99-ACB8-294149154FDF}.Release|Any CPU.Build.0 = Release|Any CPU
		{4DBFA71C-C2BB-4E99-ACB8-294149154FDF}.Release|x64.ActiveCfg = Release|Any CPU
		{4DBFA71C-C2BB-4E99-ACB8-294149154FDF}.Release|x64.Build.0 = Release|Any CPU
		{B9665C80-417A-40F3-B41F-D4AD2BC6E635}.Debug|Any CPU.ActiveCfg = Debug|Any CPU
		{B9665C80-417A-40F3-B41F-D4AD2BC6E635}.Debug|Any CPU.Build.0 = Debug|Any CPU
		{B9665C80-417A-40F3-B41F-D4AD2BC6E635}.Debug|x64.ActiveCfg = Debug|Any CPU
		{B9665C80-417A-40F3-B41F-D4AD2BC6E635}.Debug|x64.Build.0 = Debug|Any CPU
		{B9665C80-417A-40F3-B41F-D4AD2BC6E635}.Release|Any CPU.ActiveCfg = Release|Any CPU
		{B9665C80-417A-40F3-B41F-D4AD2BC6E635}.Release|Any CPU.Build.0 = Release|Any CPU
		{B9665C80-417A-40F3-B41F-D4AD2BC6E635}.Release|x64.ActiveCfg = Release|Any CPU
		{B9665C80-417A-40F3-B41F-D4AD2BC6E635}.Release|x64.Build.0 = Release|Any CPU
		{A4B93ABE-2806-43DD-99EE-799B789372BF}.Debug|Any CPU.ActiveCfg = Debug|Any CPU
		{A4B93ABE-2806-43DD-99EE-799B789372BF}.Debug|Any CPU.Build.0 = Debug|Any CPU
		{A4B93ABE-2806-43DD-99EE-799B789372BF}.Debug|x64.ActiveCfg = Debug|Any CPU
		{A4B93ABE-2806-43DD-99EE-799B789372BF}.Debug|x64.Build.0 = Debug|Any CPU
		{A4B93ABE-2806-43DD-99EE-799B789372BF}.Release|Any CPU.ActiveCfg = Release|Any CPU
		{A4B93ABE-2806-43DD-99EE-799B789372BF}.Release|Any CPU.Build.0 = Release|Any CPU
		{A4B93ABE-2806-43DD-99EE-799B789372BF}.Release|x64.ActiveCfg = Release|Any CPU
		{A4B93ABE-2806-43DD-99EE-799B789372BF}.Release|x64.Build.0 = Release|Any CPU
		{FFA5C7FB-7120-4E7A-8368-F9A1E2BC4E2E}.Debug|Any CPU.ActiveCfg = Debug|Any CPU
		{FFA5C7FB-7120-4E7A-8368-F9A1E2BC4E2E}.Debug|Any CPU.Build.0 = Debug|Any CPU
		{FFA5C7FB-7120-4E7A-8368-F9A1E2BC4E2E}.Debug|x64.ActiveCfg = Debug|Any CPU
		{FFA5C7FB-7120-4E7A-8368-F9A1E2BC4E2E}.Debug|x64.Build.0 = Debug|Any CPU
		{FFA5C7FB-7120-4E7A-8368-F9A1E2BC4E2E}.Release|Any CPU.ActiveCfg = Release|Any CPU
		{FFA5C7FB-7120-4E7A-8368-F9A1E2BC4E2E}.Release|Any CPU.Build.0 = Release|Any CPU
		{FFA5C7FB-7120-4E7A-8368-F9A1E2BC4E2E}.Release|x64.ActiveCfg = Release|Any CPU
		{FFA5C7FB-7120-4E7A-8368-F9A1E2BC4E2E}.Release|x64.Build.0 = Release|Any CPU
		{8566727C-14A5-489D-A193-50F1E3D580D6}.Debug|Any CPU.ActiveCfg = Debug|Any CPU
		{8566727C-14A5-489D-A193-50F1E3D580D6}.Debug|Any CPU.Build.0 = Debug|Any CPU
		{8566727C-14A5-489D-A193-50F1E3D580D6}.Debug|x64.ActiveCfg = Debug|Any CPU
		{8566727C-14A5-489D-A193-50F1E3D580D6}.Debug|x64.Build.0 = Debug|Any CPU
		{8566727C-14A5-489D-A193-50F1E3D580D6}.Release|Any CPU.ActiveCfg = Release|Any CPU
		{8566727C-14A5-489D-A193-50F1E3D580D6}.Release|Any CPU.Build.0 = Release|Any CPU
		{8566727C-14A5-489D-A193-50F1E3D580D6}.Release|x64.ActiveCfg = Release|Any CPU
		{8566727C-14A5-489D-A193-50F1E3D580D6}.Release|x64.Build.0 = Release|Any CPU
		{ADEC366D-0AF8-4F00-B16A-33121F8D7232}.Debug|Any CPU.ActiveCfg = Debug|Any CPU
		{ADEC366D-0AF8-4F00-B16A-33121F8D7232}.Debug|Any CPU.Build.0 = Debug|Any CPU
		{ADEC366D-0AF8-4F00-B16A-33121F8D7232}.Debug|x64.ActiveCfg = Debug|Any CPU
		{ADEC366D-0AF8-4F00-B16A-33121F8D7232}.Debug|x64.Build.0 = Debug|Any CPU
		{ADEC366D-0AF8-4F00-B16A-33121F8D7232}.Release|Any CPU.ActiveCfg = Release|Any CPU
		{ADEC366D-0AF8-4F00-B16A-33121F8D7232}.Release|Any CPU.Build.0 = Release|Any CPU
		{ADEC366D-0AF8-4F00-B16A-33121F8D7232}.Release|x64.ActiveCfg = Release|Any CPU
		{ADEC366D-0AF8-4F00-B16A-33121F8D7232}.Release|x64.Build.0 = Release|Any CPU
		{2EEB9EE6-EE91-48EC-8262-356665BC452C}.Debug|Any CPU.ActiveCfg = Debug|Any CPU
		{2EEB9EE6-EE91-48EC-8262-356665BC452C}.Debug|Any CPU.Build.0 = Debug|Any CPU
		{2EEB9EE6-EE91-48EC-8262-356665BC452C}.Debug|x64.ActiveCfg = Debug|x64
		{2EEB9EE6-EE91-48EC-8262-356665BC452C}.Debug|x64.Build.0 = Debug|x64
		{2EEB9EE6-EE91-48EC-8262-356665BC452C}.Release|Any CPU.ActiveCfg = Release|Any CPU
		{2EEB9EE6-EE91-48EC-8262-356665BC452C}.Release|Any CPU.Build.0 = Release|Any CPU
		{2EEB9EE6-EE91-48EC-8262-356665BC452C}.Release|x64.ActiveCfg = Release|x64
		{2EEB9EE6-EE91-48EC-8262-356665BC452C}.Release|x64.Build.0 = Release|x64
		{475EF94B-05F2-4D26-8DA6-1A2D674D6739}.Debug|Any CPU.ActiveCfg = Debug|Any CPU
		{475EF94B-05F2-4D26-8DA6-1A2D674D6739}.Debug|Any CPU.Build.0 = Debug|Any CPU
		{475EF94B-05F2-4D26-8DA6-1A2D674D6739}.Debug|x64.ActiveCfg = Debug|Any CPU
		{475EF94B-05F2-4D26-8DA6-1A2D674D6739}.Debug|x64.Build.0 = Debug|Any CPU
		{475EF94B-05F2-4D26-8DA6-1A2D674D6739}.Release|Any CPU.ActiveCfg = Release|Any CPU
		{475EF94B-05F2-4D26-8DA6-1A2D674D6739}.Release|Any CPU.Build.0 = Release|Any CPU
		{475EF94B-05F2-4D26-8DA6-1A2D674D6739}.Release|x64.ActiveCfg = Release|Any CPU
		{475EF94B-05F2-4D26-8DA6-1A2D674D6739}.Release|x64.Build.0 = Release|Any CPU
		{1152BB58-FB43-4E32-8A73-163B178821E1}.Debug|Any CPU.ActiveCfg = Debug|Any CPU
		{1152BB58-FB43-4E32-8A73-163B178821E1}.Debug|Any CPU.Build.0 = Debug|Any CPU
		{1152BB58-FB43-4E32-8A73-163B178821E1}.Debug|x64.ActiveCfg = Debug|Any CPU
		{1152BB58-FB43-4E32-8A73-163B178821E1}.Debug|x64.Build.0 = Debug|Any CPU
		{1152BB58-FB43-4E32-8A73-163B178821E1}.Release|Any CPU.ActiveCfg = Release|Any CPU
		{1152BB58-FB43-4E32-8A73-163B178821E1}.Release|Any CPU.Build.0 = Release|Any CPU
		{1152BB58-FB43-4E32-8A73-163B178821E1}.Release|x64.ActiveCfg = Release|Any CPU
		{1152BB58-FB43-4E32-8A73-163B178821E1}.Release|x64.Build.0 = Release|Any CPU
		{7286DCF9-526F-4EA3-B982-86A4B9E94850}.Debug|Any CPU.ActiveCfg = Debug|Any CPU
		{7286DCF9-526F-4EA3-B982-86A4B9E94850}.Debug|Any CPU.Build.0 = Debug|Any CPU
		{7286DCF9-526F-4EA3-B982-86A4B9E94850}.Debug|x64.ActiveCfg = Debug|Any CPU
		{7286DCF9-526F-4EA3-B982-86A4B9E94850}.Debug|x64.Build.0 = Debug|Any CPU
		{7286DCF9-526F-4EA3-B982-86A4B9E94850}.Release|Any CPU.ActiveCfg = Release|Any CPU
		{7286DCF9-526F-4EA3-B982-86A4B9E94850}.Release|Any CPU.Build.0 = Release|Any CPU
		{7286DCF9-526F-4EA3-B982-86A4B9E94850}.Release|x64.ActiveCfg = Release|Any CPU
		{7286DCF9-526F-4EA3-B982-86A4B9E94850}.Release|x64.Build.0 = Release|Any CPU
		{5D6B8C23-8F6D-4C07-A60C-C34915D084D1}.Debug|Any CPU.ActiveCfg = Debug|Any CPU
		{5D6B8C23-8F6D-4C07-A60C-C34915D084D1}.Debug|Any CPU.Build.0 = Debug|Any CPU
		{5D6B8C23-8F6D-4C07-A60C-C34915D084D1}.Debug|x64.ActiveCfg = Debug|Any CPU
		{5D6B8C23-8F6D-4C07-A60C-C34915D084D1}.Debug|x64.Build.0 = Debug|Any CPU
		{5D6B8C23-8F6D-4C07-A60C-C34915D084D1}.Release|Any CPU.ActiveCfg = Release|Any CPU
		{5D6B8C23-8F6D-4C07-A60C-C34915D084D1}.Release|Any CPU.Build.0 = Release|Any CPU
		{5D6B8C23-8F6D-4C07-A60C-C34915D084D1}.Release|x64.ActiveCfg = Release|Any CPU
		{5D6B8C23-8F6D-4C07-A60C-C34915D084D1}.Release|x64.Build.0 = Release|Any CPU
		{20C7AE1A-5911-4921-B1EE-A7C2875407DA}.Debug|Any CPU.ActiveCfg = Debug|Any CPU
		{20C7AE1A-5911-4921-B1EE-A7C2875407DA}.Debug|Any CPU.Build.0 = Debug|Any CPU
		{20C7AE1A-5911-4921-B1EE-A7C2875407DA}.Debug|x64.ActiveCfg = Debug|Any CPU
		{20C7AE1A-5911-4921-B1EE-A7C2875407DA}.Debug|x64.Build.0 = Debug|Any CPU
		{20C7AE1A-5911-4921-B1EE-A7C2875407DA}.Release|Any CPU.ActiveCfg = Release|Any CPU
		{20C7AE1A-5911-4921-B1EE-A7C2875407DA}.Release|Any CPU.Build.0 = Release|Any CPU
		{20C7AE1A-5911-4921-B1EE-A7C2875407DA}.Release|x64.ActiveCfg = Release|Any CPU
		{20C7AE1A-5911-4921-B1EE-A7C2875407DA}.Release|x64.Build.0 = Release|Any CPU
		{9D555E55-B815-47D9-B1E2-CAA24AA8249B}.Debug|Any CPU.ActiveCfg = Debug|Any CPU
		{9D555E55-B815-47D9-B1E2-CAA24AA8249B}.Debug|Any CPU.Build.0 = Debug|Any CPU
		{9D555E55-B815-47D9-B1E2-CAA24AA8249B}.Debug|x64.ActiveCfg = Debug|Any CPU
		{9D555E55-B815-47D9-B1E2-CAA24AA8249B}.Debug|x64.Build.0 = Debug|Any CPU
		{9D555E55-B815-47D9-B1E2-CAA24AA8249B}.Release|Any CPU.ActiveCfg = Release|Any CPU
		{9D555E55-B815-47D9-B1E2-CAA24AA8249B}.Release|Any CPU.Build.0 = Release|Any CPU
		{9D555E55-B815-47D9-B1E2-CAA24AA8249B}.Release|x64.ActiveCfg = Release|Any CPU
		{9D555E55-B815-47D9-B1E2-CAA24AA8249B}.Release|x64.Build.0 = Release|Any CPU
		{94D8A872-06F4-463D-AF6C-1543DF42692A}.Debug|Any CPU.ActiveCfg = Debug|Any CPU
		{94D8A872-06F4-463D-AF6C-1543DF42692A}.Debug|Any CPU.Build.0 = Debug|Any CPU
		{94D8A872-06F4-463D-AF6C-1543DF42692A}.Debug|x64.ActiveCfg = Debug|Any CPU
		{94D8A872-06F4-463D-AF6C-1543DF42692A}.Debug|x64.Build.0 = Debug|Any CPU
		{94D8A872-06F4-463D-AF6C-1543DF42692A}.Release|Any CPU.ActiveCfg = Release|Any CPU
		{94D8A872-06F4-463D-AF6C-1543DF42692A}.Release|Any CPU.Build.0 = Release|Any CPU
		{94D8A872-06F4-463D-AF6C-1543DF42692A}.Release|x64.ActiveCfg = Release|Any CPU
		{94D8A872-06F4-463D-AF6C-1543DF42692A}.Release|x64.Build.0 = Release|Any CPU
		{30664C25-18FF-4E70-8B6B-554090E5A8B3}.Debug|Any CPU.ActiveCfg = Debug|Any CPU
		{30664C25-18FF-4E70-8B6B-554090E5A8B3}.Debug|Any CPU.Build.0 = Debug|Any CPU
		{30664C25-18FF-4E70-8B6B-554090E5A8B3}.Debug|x64.ActiveCfg = Debug|Any CPU
		{30664C25-18FF-4E70-8B6B-554090E5A8B3}.Debug|x64.Build.0 = Debug|Any CPU
		{30664C25-18FF-4E70-8B6B-554090E5A8B3}.Release|Any CPU.ActiveCfg = Release|Any CPU
		{30664C25-18FF-4E70-8B6B-554090E5A8B3}.Release|Any CPU.Build.0 = Release|Any CPU
		{30664C25-18FF-4E70-8B6B-554090E5A8B3}.Release|x64.ActiveCfg = Release|Any CPU
		{30664C25-18FF-4E70-8B6B-554090E5A8B3}.Release|x64.Build.0 = Release|Any CPU
		{AB39D4F9-AE21-46B8-80BA-7602A8598A56}.Debug|Any CPU.ActiveCfg = Debug|Any CPU
		{AB39D4F9-AE21-46B8-80BA-7602A8598A56}.Debug|Any CPU.Build.0 = Debug|Any CPU
		{AB39D4F9-AE21-46B8-80BA-7602A8598A56}.Debug|x64.ActiveCfg = Debug|Any CPU
		{AB39D4F9-AE21-46B8-80BA-7602A8598A56}.Debug|x64.Build.0 = Debug|Any CPU
		{AB39D4F9-AE21-46B8-80BA-7602A8598A56}.Release|Any CPU.ActiveCfg = Release|Any CPU
		{AB39D4F9-AE21-46B8-80BA-7602A8598A56}.Release|Any CPU.Build.0 = Release|Any CPU
		{AB39D4F9-AE21-46B8-80BA-7602A8598A56}.Release|x64.ActiveCfg = Release|Any CPU
		{AB39D4F9-AE21-46B8-80BA-7602A8598A56}.Release|x64.Build.0 = Release|Any CPU
		{08F942CF-024E-4C7F-8D80-45720A383C21}.Debug|Any CPU.ActiveCfg = Debug|Any CPU
		{08F942CF-024E-4C7F-8D80-45720A383C21}.Debug|Any CPU.Build.0 = Debug|Any CPU
		{08F942CF-024E-4C7F-8D80-45720A383C21}.Debug|x64.ActiveCfg = Debug|Any CPU
		{08F942CF-024E-4C7F-8D80-45720A383C21}.Debug|x64.Build.0 = Debug|Any CPU
		{08F942CF-024E-4C7F-8D80-45720A383C21}.Release|Any CPU.ActiveCfg = Release|Any CPU
		{08F942CF-024E-4C7F-8D80-45720A383C21}.Release|Any CPU.Build.0 = Release|Any CPU
		{08F942CF-024E-4C7F-8D80-45720A383C21}.Release|x64.ActiveCfg = Release|Any CPU
		{08F942CF-024E-4C7F-8D80-45720A383C21}.Release|x64.Build.0 = Release|Any CPU
		{08C4A27B-E82F-423C-AA00-FAB585AFC712}.Debug|Any CPU.ActiveCfg = Debug|Any CPU
		{08C4A27B-E82F-423C-AA00-FAB585AFC712}.Debug|Any CPU.Build.0 = Debug|Any CPU
		{08C4A27B-E82F-423C-AA00-FAB585AFC712}.Debug|x64.ActiveCfg = Debug|Any CPU
		{08C4A27B-E82F-423C-AA00-FAB585AFC712}.Debug|x64.Build.0 = Debug|Any CPU
		{08C4A27B-E82F-423C-AA00-FAB585AFC712}.Release|Any CPU.ActiveCfg = Release|Any CPU
		{08C4A27B-E82F-423C-AA00-FAB585AFC712}.Release|Any CPU.Build.0 = Release|Any CPU
		{08C4A27B-E82F-423C-AA00-FAB585AFC712}.Release|x64.ActiveCfg = Release|Any CPU
		{08C4A27B-E82F-423C-AA00-FAB585AFC712}.Release|x64.Build.0 = Release|Any CPU
		{D2964752-7094-43C6-89F4-F1D4417474C7}.Debug|Any CPU.ActiveCfg = Debug|Any CPU
		{D2964752-7094-43C6-89F4-F1D4417474C7}.Debug|Any CPU.Build.0 = Debug|Any CPU
		{D2964752-7094-43C6-89F4-F1D4417474C7}.Debug|x64.ActiveCfg = Debug|Any CPU
		{D2964752-7094-43C6-89F4-F1D4417474C7}.Debug|x64.Build.0 = Debug|Any CPU
		{D2964752-7094-43C6-89F4-F1D4417474C7}.Release|Any CPU.ActiveCfg = Release|Any CPU
		{D2964752-7094-43C6-89F4-F1D4417474C7}.Release|Any CPU.Build.0 = Release|Any CPU
		{D2964752-7094-43C6-89F4-F1D4417474C7}.Release|x64.ActiveCfg = Release|Any CPU
		{D2964752-7094-43C6-89F4-F1D4417474C7}.Release|x64.Build.0 = Release|Any CPU
		{E18ADDEC-07E6-473D-9A2F-AA80792147C2}.Debug|Any CPU.ActiveCfg = Debug|Any CPU
		{E18ADDEC-07E6-473D-9A2F-AA80792147C2}.Debug|Any CPU.Build.0 = Debug|Any CPU
		{E18ADDEC-07E6-473D-9A2F-AA80792147C2}.Debug|x64.ActiveCfg = Debug|Any CPU
		{E18ADDEC-07E6-473D-9A2F-AA80792147C2}.Debug|x64.Build.0 = Debug|Any CPU
		{E18ADDEC-07E6-473D-9A2F-AA80792147C2}.Release|Any CPU.ActiveCfg = Release|Any CPU
		{E18ADDEC-07E6-473D-9A2F-AA80792147C2}.Release|Any CPU.Build.0 = Release|Any CPU
		{E18ADDEC-07E6-473D-9A2F-AA80792147C2}.Release|x64.ActiveCfg = Release|Any CPU
		{E18ADDEC-07E6-473D-9A2F-AA80792147C2}.Release|x64.Build.0 = Release|Any CPU
		{290A4FFD-9390-4200-B16A-7DA8029663A3}.Debug|Any CPU.ActiveCfg = Debug|Any CPU
		{290A4FFD-9390-4200-B16A-7DA8029663A3}.Debug|Any CPU.Build.0 = Debug|Any CPU
		{290A4FFD-9390-4200-B16A-7DA8029663A3}.Debug|x64.ActiveCfg = Debug|Any CPU
		{290A4FFD-9390-4200-B16A-7DA8029663A3}.Debug|x64.Build.0 = Debug|Any CPU
		{290A4FFD-9390-4200-B16A-7DA8029663A3}.Release|Any CPU.ActiveCfg = Release|Any CPU
		{290A4FFD-9390-4200-B16A-7DA8029663A3}.Release|Any CPU.Build.0 = Release|Any CPU
		{290A4FFD-9390-4200-B16A-7DA8029663A3}.Release|x64.ActiveCfg = Release|Any CPU
		{290A4FFD-9390-4200-B16A-7DA8029663A3}.Release|x64.Build.0 = Release|Any CPU
	EndGlobalSection
	GlobalSection(SolutionProperties) = preSolution
		HideSolutionNode = FALSE
	EndGlobalSection
	GlobalSection(ExtensibilityGlobals) = postSolution
		SolutionGuid = {62A1D168-E856-4549-B190-6143E2B16B1B}
	EndGlobalSection
EndGlobal
